
Microsoft Visual Studio Solution File, Format Version 12.00
# Visual Studio Version 17
VisualStudioVersion = 17.5.33502.453
MinimumVisualStudioVersion = 10.0.40219.1
Project("{FAE04EC0-301F-11D3-BF4B-00C04F79EFBC}") = "massiv", "massiv\massiv.csproj", "{03A152D6-2A56-468E-8012-AA2D100CCF80}"
EndProject
Project("{FAE04EC0-301F-11D3-BF4B-00C04F79EFBC}") = "VVodVobrPoradke", "VVodVobrPoradke\VVodVobrPoradke.csproj", "{05BA54F5-4E90-4B8D-B7ED-BBE979E4F8DF}"
EndProject
Project("{FAE04EC0-301F-11D3-BF4B-00C04F79EFBC}") = "SumChetChisel", "SumChetChisel\SumChetChisel.csproj", "{567A7864-76DD-4956-8CAF-765E161CDFB7}"
EndProject
Project("{FAE04EC0-301F-11D3-BF4B-00C04F79EFBC}") = "NaimElement", "NaimElement\NaimElement.csproj", "{C9DBE58C-195B-4683-AF72-5890279B635B}"
EndProject
Global
	GlobalSection(SolutionConfigurationPlatforms) = preSolution
		Debug|Any CPU = Debug|Any CPU
		Release|Any CPU = Release|Any CPU
	EndGlobalSection
	GlobalSection(ProjectConfigurationPlatforms) = postSolution
		{03A152D6-2A56-468E-8012-AA2D100CCF80}.Debug|Any CPU.ActiveCfg = Debug|Any CPU
		{03A152D6-2A56-468E-8012-AA2D100CCF80}.Debug|Any CPU.Build.0 = Debug|Any CPU
		{03A152D6-2A56-468E-8012-AA2D100CCF80}.Release|Any CPU.ActiveCfg = Release|Any CPU
		{03A152D6-2A56-468E-8012-AA2D100CCF80}.Release|Any CPU.Build.0 = Release|Any CPU
		{05BA54F5-4E90-4B8D-B7ED-BBE979E4F8DF}.Debug|Any CPU.ActiveCfg = Debug|Any CPU
		{05BA54F5-4E90-4B8D-B7ED-BBE979E4F8DF}.Debug|Any CPU.Build.0 = Debug|Any CPU
		{05BA54F5-4E90-4B8D-B7ED-BBE979E4F8DF}.Release|Any CPU.ActiveCfg = Release|Any CPU
		{05BA54F5-4E90-4B8D-B7ED-BBE979E4F8DF}.Release|Any CPU.Build.0 = Release|Any CPU
		{567A7864-76DD-4956-8CAF-765E161CDFB7}.Debug|Any CPU.ActiveCfg = Debug|Any CPU
		{567A7864-76DD-4956-8CAF-765E161CDFB7}.Debug|Any CPU.Build.0 = Debug|Any CPU
		{567A7864-76DD-4956-8CAF-765E161CDFB7}.Release|Any CPU.ActiveCfg = Release|Any CPU
		{567A7864-76DD-4956-8CAF-765E161CDFB7}.Release|Any CPU.Build.0 = Release|Any CPU
		{C9DBE58C-195B-4683-AF72-5890279B635B}.Debug|Any CPU.ActiveCfg = Debug|Any CPU
		{C9DBE58C-195B-4683-AF72-5890279B635B}.Debug|Any CPU.Build.0 = Debug|Any CPU
		{C9DBE58C-195B-4683-AF72-5890279B635B}.Release|Any CPU.ActiveCfg = Release|Any CPU
		{C9DBE58C-195B-4683-AF72-5890279B635B}.Release|Any CPU.Build.0 = Release|Any CPU
	EndGlobalSection
	GlobalSection(SolutionProperties) = preSolution
		HideSolutionNode = FALSE
	EndGlobalSection
	GlobalSection(ExtensibilityGlobals) = postSolution
		SolutionGuid = {6B346C8D-7A59-4644-A755-639B6D03F893}
	EndGlobalSection
EndGlobal
