
Microsoft Visual Studio Solution File, Format Version 12.00
# Visual Studio Version 17
VisualStudioVersion = 17.5.33502.453
MinimumVisualStudioVersion = 10.0.40219.1
Project("{FAE04EC0-301F-11D3-BF4B-00C04F79EFBC}") = "funk and methods", "funk and methods\funk and methods.csproj", "{33BA2AF5-3E92-4E21-A0A7-136FA9A5243F}"
EndProject
Project("{FAE04EC0-301F-11D3-BF4B-00C04F79EFBC}") = "funk and methods2", "funk and methods2\funk and methods2.csproj", "{33EA099D-EB0A-485A-8ADD-998CBB64B71B}"
EndProject
Global
	GlobalSection(SolutionConfigurationPlatforms) = preSolution
		Debug|Any CPU = Debug|Any CPU
		Release|Any CPU = Release|Any CPU
	EndGlobalSection
	GlobalSection(ProjectConfigurationPlatforms) = postSolution
		{33BA2AF5-3E92-4E21-A0A7-136FA9A5243F}.Debug|Any CPU.ActiveCfg = Debug|Any CPU
		{33BA2AF5-3E92-4E21-A0A7-136FA9A5243F}.Debug|Any CPU.Build.0 = Debug|Any CPU
		{33BA2AF5-3E92-4E21-A0A7-136FA9A5243F}.Release|Any CPU.ActiveCfg = Release|Any CPU
		{33BA2AF5-3E92-4E21-A0A7-136FA9A5243F}.Release|Any CPU.Build.0 = Release|Any CPU
		{33EA099D-EB0A-485A-8ADD-998CBB64B71B}.Debug|Any CPU.ActiveCfg = Debug|Any CPU
		{33EA099D-EB0A-485A-8ADD-998CBB64B71B}.Debug|Any CPU.Build.0 = Debug|Any CPU
		{33EA099D-EB0A-485A-8ADD-998CBB64B71B}.Release|Any CPU.ActiveCfg = Release|Any CPU
		{33EA099D-EB0A-485A-8ADD-998CBB64B71B}.Release|Any CPU.Build.0 = Release|Any CPU
	EndGlobalSection
	GlobalSection(SolutionProperties) = preSolution
		HideSolutionNode = FALSE
	EndGlobalSection
	GlobalSection(ExtensibilityGlobals) = postSolution
		SolutionGuid = {0BB788B4-388B-4A58-8789-6CFF9F633DD8}
	EndGlobalSection
EndGlobal
